
Microsoft Visual Studio Solution File, Format Version 12.00
# Visual Studio Version 16
VisualStudioVersion = 16.0.31624.102
MinimumVisualStudioVersion = 10.0.40219.1
Project("{FAE04EC0-301F-11D3-BF4B-00C04F79EFBC}") = "NumbersConvert", "NumbersConvert\NumbersConvert.csproj", "{6534C15C-135A-4E09-B050-DB5510B8C03D}"
EndProject
Global
	GlobalSection(SolutionConfigurationPlatforms) = preSolution
		Debug|Any CPU = Debug|Any CPU
		Release|Any CPU = Release|Any CPU
	EndGlobalSection
	GlobalSection(ProjectConfigurationPlatforms) = postSolution
		{6534C15C-135A-4E09-B050-DB5510B8C03D}.Debug|Any CPU.ActiveCfg = Debug|Any CPU
		{6534C15C-135A-4E09-B050-DB5510B8C03D}.Debug|Any CPU.Build.0 = Debug|Any CPU
		{6534C15C-135A-4E09-B050-DB5510B8C03D}.Release|Any CPU.ActiveCfg = Release|Any CPU
		{6534C15C-135A-4E09-B050-DB5510B8C03D}.Release|Any CPU.Build.0 = Release|Any CPU
	EndGlobalSection
	GlobalSection(SolutionProperties) = preSolution
		HideSolutionNode = FALSE
	EndGlobalSection
	GlobalSection(ExtensibilityGlobals) = postSolution
		SolutionGuid = {5B43FFCE-5586-484D-9243-BFD7FD933977}
	EndGlobalSection
EndGlobal
